// !$*UTF8*$!
{
	archiveVersion = 1;
	classes = {
	};
	objectVersion = 55;
	objects = {

/* Begin PBXBuildFile section */
		A0304A5127B5B8FF00D16A8B /* resorts.json in Resources */ = {isa = PBXBuildFile; fileRef = A0304A5027B5B8FF00D16A8B /* resorts.json */; };
		A0304A5327B5BA0800D16A8B /* Resort.swift in Sources */ = {isa = PBXBuildFile; fileRef = A0304A5227B5BA0800D16A8B /* Resort.swift */; };
		A0304A5527B5BA3E00D16A8B /* Bundle-Decodable.swift in Sources */ = {isa = PBXBuildFile; fileRef = A0304A5427B5BA3E00D16A8B /* Bundle-Decodable.swift */; };
		A0304A5727B5BCC200D16A8B /* WelcomeView.swift in Sources */ = {isa = PBXBuildFile; fileRef = A0304A5627B5BCC200D16A8B /* WelcomeView.swift */; };
		A0304A5927B5C01600D16A8B /* ResortView.swift in Sources */ = {isa = PBXBuildFile; fileRef = A0304A5827B5C01600D16A8B /* ResortView.swift */; };
		A0304A5B27B5C0E300D16A8B /* SkiDetailsView.swift in Sources */ = {isa = PBXBuildFile; fileRef = A0304A5A27B5C0E300D16A8B /* SkiDetailsView.swift */; };
		A0304A5D27B5C13C00D16A8B /* ResortDetailsView.swift in Sources */ = {isa = PBXBuildFile; fileRef = A0304A5C27B5C13C00D16A8B /* ResortDetailsView.swift */; };
		A04F8A5427B6A5DD000A5FEB /* Facility.swift in Sources */ = {isa = PBXBuildFile; fileRef = A04F8A5327B6A5DD000A5FEB /* Facility.swift */; };
		A04F8A5627B6A75D000A5FEB /* Favorites.swift in Sources */ = {isa = PBXBuildFile; fileRef = A04F8A5527B6A75D000A5FEB /* Favorites.swift */; };
		A0F08F4027B54E3B00AE5BE4 /* SnowSeekerApp.swift in Sources */ = {isa = PBXBuildFile; fileRef = A0F08F3F27B54E3B00AE5BE4 /* SnowSeekerApp.swift */; };
		A0F08F4227B54E3B00AE5BE4 /* ContentView.swift in Sources */ = {isa = PBXBuildFile; fileRef = A0F08F4127B54E3B00AE5BE4 /* ContentView.swift */; };
		A0F08F4427B54E3B00AE5BE4 /* Assets.xcassets in Resources */ = {isa = PBXBuildFile; fileRef = A0F08F4327B54E3B00AE5BE4 /* Assets.xcassets */; };
		A0F08F4727B54E3B00AE5BE4 /* Preview Assets.xcassets in Resources */ = {isa = PBXBuildFile; fileRef = A0F08F4627B54E3B00AE5BE4 /* Preview Assets.xcassets */; };
/* End PBXBuildFile section */

/* Begin PBXFileReference section */
		A0304A5027B5B8FF00D16A8B /* resorts.json */ = {isa = PBXFileReference; fileEncoding = 4; lastKnownFileType = text.json; name = resorts.json; path = "../../../../HWS-resources/SwiftUI/project19-files/resorts.json"; sourceTree = "<group>"; };
		A0304A5227B5BA0800D16A8B /* Resort.swift */ = {isa = PBXFileReference; lastKnownFileType = sourcecode.swift; path = Resort.swift; sourceTree = "<group>"; };
		A0304A5427B5BA3E00D16A8B /* Bundle-Decodable.swift */ = {isa = PBXFileReference; lastKnownFileType = sourcecode.swift; path = "Bundle-Decodable.swift"; sourceTree = "<group>"; };
		A0304A5627B5BCC200D16A8B /* WelcomeView.swift */ = {isa = PBXFileReference; lastKnownFileType = sourcecode.swift; path = WelcomeView.swift; sourceTree = "<group>"; };
		A0304A5827B5C01600D16A8B /* ResortView.swift */ = {isa = PBXFileReference; lastKnownFileType = sourcecode.swift; path = ResortView.swift; sourceTree = "<group>"; };
		A0304A5A27B5C0E300D16A8B /* SkiDetailsView.swift */ = {isa = PBXFileReference; lastKnownFileType = sourcecode.swift; path = SkiDetailsView.swift; sourceTree = "<group>"; };
		A0304A5C27B5C13C00D16A8B /* ResortDetailsView.swift */ = {isa = PBXFileReference; lastKnownFileType = sourcecode.swift; path = ResortDetailsView.swift; sourceTree = "<group>"; };
		A04F8A5327B6A5DD000A5FEB /* Facility.swift */ = {isa = PBXFileReference; lastKnownFileType = sourcecode.swift; path = Facility.swift; sourceTree = "<group>"; };
		A04F8A5527B6A75D000A5FEB /* Favorites.swift */ = {isa = PBXFileReference; lastKnownFileType = sourcecode.swift; path = Favorites.swift; sourceTree = "<group>"; };
		A0F08F3C27B54E3A00AE5BE4 /* SnowSeeker.app */ = {isa = PBXFileReference; explicitFileType = wrapper.application; includeInIndex = 0; path = SnowSeeker.app; sourceTree = BUILT_PRODUCTS_DIR; };
		A0F08F3F27B54E3B00AE5BE4 /* SnowSeekerApp.swift */ = {isa = PBXFileReference; lastKnownFileType = sourcecode.swift; path = SnowSeekerApp.swift; sourceTree = "<group>"; };
		A0F08F4127B54E3B00AE5BE4 /* ContentView.swift */ = {isa = PBXFileReference; lastKnownFileType = sourcecode.swift; path = ContentView.swift; sourceTree = "<group>"; };
		A0F08F4327B54E3B00AE5BE4 /* Assets.xcassets */ = {isa = PBXFileReference; lastKnownFileType = folder.assetcatalog; path = Assets.xcassets; sourceTree = "<group>"; };
		A0F08F4627B54E3B00AE5BE4 /* Preview Assets.xcassets */ = {isa = PBXFileReference; lastKnownFileType = folder.assetcatalog; path = "Preview Assets.xcassets"; sourceTree = "<group>"; };
/* End PBXFileReference section */

/* Begin PBXFrameworksBuildPhase section */
		A0F08F3927B54E3A00AE5BE4 /* Frameworks */ = {
			isa = PBXFrameworksBuildPhase;
			buildActionMask = 2147483647;
			files = (
			);
			runOnlyForDeploymentPostprocessing = 0;
		};
/* End PBXFrameworksBuildPhase section */

/* Begin PBXGroup section */
		A0F08F3327B54E3A00AE5BE4 = {
			isa = PBXGroup;
			children = (
				A0F08F3E27B54E3A00AE5BE4 /* SnowSeeker */,
				A0F08F3D27B54E3A00AE5BE4 /* Products */,
			);
			sourceTree = "<group>";
		};
		A0F08F3D27B54E3A00AE5BE4 /* Products */ = {
			isa = PBXGroup;
			children = (
				A0F08F3C27B54E3A00AE5BE4 /* SnowSeeker.app */,
			);
			name = Products;
			sourceTree = "<group>";
		};
		A0F08F3E27B54E3A00AE5BE4 /* SnowSeeker */ = {
			isa = PBXGroup;
			children = (
				A0F08F3F27B54E3B00AE5BE4 /* SnowSeekerApp.swift */,
				A0F08F4127B54E3B00AE5BE4 /* ContentView.swift */,
				A0304A5827B5C01600D16A8B /* ResortView.swift */,
				A0304A5627B5BCC200D16A8B /* WelcomeView.swift */,
				A0304A5A27B5C0E300D16A8B /* SkiDetailsView.swift */,
				A04F8A5327B6A5DD000A5FEB /* Facility.swift */,
				A0304A5C27B5C13C00D16A8B /* ResortDetailsView.swift */,
				A0304A5227B5BA0800D16A8B /* Resort.swift */,
				A04F8A5527B6A75D000A5FEB /* Favorites.swift */,
				A0304A5427B5BA3E00D16A8B /* Bundle-Decodable.swift */,
				A0304A5027B5B8FF00D16A8B /* resorts.json */,
				A0F08F4327B54E3B00AE5BE4 /* Assets.xcassets */,
				A0F08F4527B54E3B00AE5BE4 /* Preview Content */,
			);
			path = SnowSeeker;
			sourceTree = "<group>";
		};
		A0F08F4527B54E3B00AE5BE4 /* Preview Content */ = {
			isa = PBXGroup;
			children = (
				A0F08F4627B54E3B00AE5BE4 /* Preview Assets.xcassets */,
			);
			path = "Preview Content";
			sourceTree = "<group>";
		};
/* End PBXGroup section */

/* Begin PBXNativeTarget section */
		A0F08F3B27B54E3A00AE5BE4 /* SnowSeeker */ = {
			isa = PBXNativeTarget;
			buildConfigurationList = A0F08F4A27B54E3B00AE5BE4 /* Build configuration list for PBXNativeTarget "SnowSeeker" */;
			buildPhases = (
				A0F08F3827B54E3A00AE5BE4 /* Sources */,
				A0F08F3927B54E3A00AE5BE4 /* Frameworks */,
				A0F08F3A27B54E3A00AE5BE4 /* Resources */,
			);
			buildRules = (
			);
			dependencies = (
			);
			name = SnowSeeker;
			productName = SnowSeeker;
			productReference = A0F08F3C27B54E3A00AE5BE4 /* SnowSeeker.app */;
			productType = "com.apple.product-type.application";
		};
/* End PBXNativeTarget section */

/* Begin PBXProject section */
		A0F08F3427B54E3A00AE5BE4 /* Project object */ = {
			isa = PBXProject;
			attributes = {
				BuildIndependentTargetsInParallel = 1;
				LastSwiftUpdateCheck = 1320;
				LastUpgradeCheck = 1320;
				TargetAttributes = {
					A0F08F3B27B54E3A00AE5BE4 = {
						CreatedOnToolsVersion = 13.2.1;
					};
				};
			};
			buildConfigurationList = A0F08F3727B54E3A00AE5BE4 /* Build configuration list for PBXProject "SnowSeeker" */;
			compatibilityVersion = "Xcode 13.0";
			developmentRegion = en;
			hasScannedForEncodings = 0;
			knownRegions = (
				en,
				Base,
			);
			mainGroup = A0F08F3327B54E3A00AE5BE4;
			productRefGroup = A0F08F3D27B54E3A00AE5BE4 /* Products */;
			projectDirPath = "";
			projectRoot = "";
			targets = (
				A0F08F3B27B54E3A00AE5BE4 /* SnowSeeker */,
			);
		};
/* End PBXProject section */

/* Begin PBXResourcesBuildPhase section */
		A0F08F3A27B54E3A00AE5BE4 /* Resources */ = {
			isa = PBXResourcesBuildPhase;
			buildActionMask = 2147483647;
			files = (
				A0304A5127B5B8FF00D16A8B /* resorts.json in Resources */,
				A0F08F4727B54E3B00AE5BE4 /* Preview Assets.xcassets in Resources */,
				A0F08F4427B54E3B00AE5BE4 /* Assets.xcassets in Resources */,
			);
			runOnlyForDeploymentPostprocessing = 0;
		};
/* End PBXResourcesBuildPhase section */

/* Begin PBXSourcesBuildPhase section */
		A0F08F3827B54E3A00AE5BE4 /* Sources */ = {
			isa = PBXSourcesBuildPhase;
			buildActionMask = 2147483647;
			files = (
				A0304A5727B5BCC200D16A8B /* WelcomeView.swift in Sources */,
				A0304A5B27B5C0E300D16A8B /* SkiDetailsView.swift in Sources */,
				A0304A5D27B5C13C00D16A8B /* ResortDetailsView.swift in Sources */,
				A04F8A5627B6A75D000A5FEB /* Favorites.swift in Sources */,
				A04F8A5427B6A5DD000A5FEB /* Facility.swift in Sources */,
				A0F08F4227B54E3B00AE5BE4 /* ContentView.swift in Sources */,
				A0304A5327B5BA0800D16A8B /* Resort.swift in Sources */,
				A0304A5927B5C01600D16A8B /* ResortView.swift in Sources */,
				A0F08F4027B54E3B00AE5BE4 /* SnowSeekerApp.swift in Sources */,
				A0304A5527B5BA3E00D16A8B /* Bundle-Decodable.swift in Sources */,
			);
			runOnlyForDeploymentPostprocessing = 0;
		};
/* End PBXSourcesBuildPhase section */

/* Begin XCBuildConfiguration section */
		A0F08F4827B54E3B00AE5BE4 /* Debug */ = {
			isa = XCBuildConfiguration;
			buildSettings = {
				ALWAYS_SEARCH_USER_PATHS = NO;
				CLANG_ANALYZER_NONNULL = YES;
				CLANG_ANALYZER_NUMBER_OBJECT_CONVERSION = YES_AGGRESSIVE;
				CLANG_CXX_LANGUAGE_STANDARD = "gnu++17";
				CLANG_CXX_LIBRARY = "libc++";
				CLANG_ENABLE_MODULES = YES;
				CLANG_ENABLE_OBJC_ARC = YES;
				CLANG_ENABLE_OBJC_WEAK = YES;
				CLANG_WARN_BLOCK_CAPTURE_AUTORELEASING = YES;
				CLANG_WARN_BOOL_CONVERSION = YES;
				CLANG_WARN_COMMA = YES;
				CLANG_WARN_CONSTANT_CONVERSION = YES;
				CLANG_WARN_DEPRECATED_OBJC_IMPLEMENTATIONS = YES;
				CLANG_WARN_DIRECT_OBJC_ISA_USAGE = YES_ERROR;
				CLANG_WARN_DOCUMENTATION_COMMENTS = YES;
				CLANG_WARN_EMPTY_BODY = YES;
				CLANG_WARN_ENUM_CONVERSION = YES;
				CLANG_WARN_INFINITE_RECURSION = YES;
				CLANG_WARN_INT_CONVERSION = YES;
				CLANG_WARN_NON_LITERAL_NULL_CONVERSION = YES;
				CLANG_WARN_OBJC_IMPLICIT_RETAIN_SELF = YES;
				CLANG_WARN_OBJC_LITERAL_CONVERSION = YES;
				CLANG_WARN_OBJC_ROOT_CLASS = YES_ERROR;
				CLANG_WARN_QUOTED_INCLUDE_IN_FRAMEWORK_HEADER = YES;
				CLANG_WARN_RANGE_LOOP_ANALYSIS = YES;
				CLANG_WARN_STRICT_PROTOTYPES = YES;
				CLANG_WARN_SUSPICIOUS_MOVE = YES;
				CLANG_WARN_UNGUARDED_AVAILABILITY = YES_AGGRESSIVE;
				CLANG_WARN_UNREACHABLE_CODE = YES;
				CLANG_WARN__DUPLICATE_METHOD_MATCH = YES;
				COPY_PHASE_STRIP = NO;
				DEBUG_INFORMATION_FORMAT = dwarf;
				ENABLE_STRICT_OBJC_MSGSEND = YES;
				ENABLE_TESTABILITY = YES;
				GCC_C_LANGUAGE_STANDARD = gnu11;
				GCC_DYNAMIC_NO_PIC = NO;
				GCC_NO_COMMON_BLOCKS = YES;
				GCC_OPTIMIZATION_LEVEL = 0;
				GCC_PREPROCESSOR_DEFINITIONS = (
					"DEBUG=1",
					"$(inherited)",
				);
				GCC_WARN_64_TO_32_BIT_CONVERSION = YES;
				GCC_WARN_ABOUT_RETURN_TYPE = YES_ERROR;
				GCC_WARN_UNDECLARED_SELECTOR = YES;
				GCC_WARN_UNINITIALIZED_AUTOS = YES_AGGRESSIVE;
				GCC_WARN_UNUSED_FUNCTION = YES;
				GCC_WARN_UNUSED_VARIABLE = YES;
				IPHONEOS_DEPLOYMENT_TARGET = 15.2;
				MTL_ENABLE_DEBUG_INFO = INCLUDE_SOURCE;
				MTL_FAST_MATH = YES;
				ONLY_ACTIVE_ARCH = YES;
				SDKROOT = iphoneos;
				SWIFT_ACTIVE_COMPILATION_CONDITIONS = DEBUG;
				SWIFT_OPTIMIZATION_LEVEL = "-Onone";
			};
			name = Debug;
		};
		A0F08F4927B54E3B00AE5BE4 /* Release */ = {
			isa = XCBuildConfiguration;
			buildSettings = {
				ALWAYS_SEARCH_USER_PATHS = NO;
				CLANG_ANALYZER_NONNULL = YES;
				CLANG_ANALYZER_NUMBER_OBJECT_CONVERSION = YES_AGGRESSIVE;
				CLANG_CXX_LANGUAGE_STANDARD = "gnu++17";
				CLANG_CXX_LIBRARY = "libc++";
				CLANG_ENABLE_MODULES = YES;
				CLANG_ENABLE_OBJC_ARC = YES;
				CLANG_ENABLE_OBJC_WEAK = YES;
				CLANG_WARN_BLOCK_CAPTURE_AUTORELEASING = YES;
				CLANG_WARN_BOOL_CONVERSION = YES;
				CLANG_WARN_COMMA = YES;
				CLANG_WARN_CONSTANT_CONVERSION = YES;
				CLANG_WARN_DEPRECATED_OBJC_IMPLEMENTATIONS = YES;
				CLANG_WARN_DIRECT_OBJC_ISA_USAGE = YES_ERROR;
				CLANG_WARN_DOCUMENTATION_COMMENTS = YES;
				CLANG_WARN_EMPTY_BODY = YES;
				CLANG_WARN_ENUM_CONVERSION = YES;
				CLANG_WARN_INFINITE_RECURSION = YES;
				CLANG_WARN_INT_CONVERSION = YES;
				CLANG_WARN_NON_LITERAL_NULL_CONVERSION = YES;
				CLANG_WARN_OBJC_IMPLICIT_RETAIN_SELF = YES;
				CLANG_WARN_OBJC_LITERAL_CONVERSION = YES;
				CLANG_WARN_OBJC_ROOT_CLASS = YES_ERROR;
				CLANG_WARN_QUOTED_INCLUDE_IN_FRAMEWORK_HEADER = YES;
				CLANG_WARN_RANGE_LOOP_ANALYSIS = YES;
				CLANG_WARN_STRICT_PROTOTYPES = YES;
				CLANG_WARN_SUSPICIOUS_MOVE = YES;
				CLANG_WARN_UNGUARDED_AVAILABILITY = YES_AGGRESSIVE;
				CLANG_WARN_UNREACHABLE_CODE = YES;
				CLANG_WARN__DUPLICATE_METHOD_MATCH = YES;
				COPY_PHASE_STRIP = NO;
				DEBUG_INFORMATION_FORMAT = "dwarf-with-dsym";
				ENABLE_NS_ASSERTIONS = NO;
				ENABLE_STRICT_OBJC_MSGSEND = YES;
				GCC_C_LANGUAGE_STANDARD = gnu11;
				GCC_NO_COMMON_BLOCKS = YES;
				GCC_WARN_64_TO_32_BIT_CONVERSION = YES;
				GCC_WARN_ABOUT_RETURN_TYPE = YES_ERROR;
				GCC_WARN_UNDECLARED_SELECTOR = YES;
				GCC_WARN_UNINITIALIZED_AUTOS = YES_AGGRESSIVE;
				GCC_WARN_UNUSED_FUNCTION = YES;
				GCC_WARN_UNUSED_VARIABLE = YES;
				IPHONEOS_DEPLOYMENT_TARGET = 15.2;
				MTL_ENABLE_DEBUG_INFO = NO;
				MTL_FAST_MATH = YES;
				SDKROOT = iphoneos;
				SWIFT_COMPILATION_MODE = wholemodule;
				SWIFT_OPTIMIZATION_LEVEL = "-O";
				VALIDATE_PRODUCT = YES;
			};
			name = Release;
		};
		A0F08F4B27B54E3B00AE5BE4 /* Debug */ = {
			isa = XCBuildConfiguration;
			buildSettings = {
				ASSETCATALOG_COMPILER_APPICON_NAME = AppIcon;
				ASSETCATALOG_COMPILER_GLOBAL_ACCENT_COLOR_NAME = AccentColor;
				CODE_SIGN_STYLE = Automatic;
				CURRENT_PROJECT_VERSION = 1;
				DEVELOPMENT_ASSET_PATHS = "\"SnowSeeker/Preview Content\"";
				DEVELOPMENT_TEAM = UX7WDJC7XQ;
				ENABLE_PREVIEWS = YES;
				GENERATE_INFOPLIST_FILE = YES;
				INFOPLIST_KEY_UIApplicationSceneManifest_Generation = YES;
				INFOPLIST_KEY_UIApplicationSupportsIndirectInputEvents = YES;
				INFOPLIST_KEY_UILaunchScreen_Generation = YES;
				INFOPLIST_KEY_UISupportedInterfaceOrientations_iPad = "UIInterfaceOrientationPortrait UIInterfaceOrientationPortraitUpsideDown UIInterfaceOrientationLandscapeLeft UIInterfaceOrientationLandscapeRight";
				INFOPLIST_KEY_UISupportedInterfaceOrientations_iPhone = "UIInterfaceOrientationPortrait UIInterfaceOrientationLandscapeLeft UIInterfaceOrientationLandscapeRight";
				LD_RUNPATH_SEARCH_PATHS = (
					"$(inherited)",
					"@executable_path/Frameworks",
				);
				MARKETING_VERSION = 1.0;
				PRODUCT_BUNDLE_IDENTIFIER = com.jaredtamulynas.SnowSeeker;
				PRODUCT_NAME = "$(TARGET_NAME)";
				SWIFT_EMIT_LOC_STRINGS = YES;
				SWIFT_VERSION = 5.0;
				TARGETED_DEVICE_FAMILY = "1,2";
			};
			name = Debug;
		};
		A0F08F4C27B54E3B00AE5BE4 /* Release */ = {
			isa = XCBuildConfiguration;
			buildSettings = {
				ASSETCATALOG_COMPILER_APPICON_NAME = AppIcon;
				ASSETCATALOG_COMPILER_GLOBAL_ACCENT_COLOR_NAME = AccentColor;
				CODE_SIGN_STYLE = Automatic;
				CURRENT_PROJECT_VERSION = 1;
				DEVELOPMENT_ASSET_PATHS = "\"SnowSeeker/Preview Content\"";
				DEVELOPMENT_TEAM = UX7WDJC7XQ;
				ENABLE_PREVIEWS = YES;
				GENERATE_INFOPLIST_FILE = YES;
				INFOPLIST_KEY_UIApplicationSceneManifest_Generation = YES;
				INFOPLIST_KEY_UIApplicationSupportsIndirectInputEvents = YES;
				INFOPLIST_KEY_UILaunchScreen_Generation = YES;
				INFOPLIST_KEY_UISupportedInterfaceOrientations_iPad = "UIInterfaceOrientationPortrait UIInterfaceOrientationPortraitUpsideDown UIInterfaceOrientationLandscapeLeft UIInterfaceOrientationLandscapeRight";
				INFOPLIST_KEY_UISupportedInterfaceOrientations_iPhone = "UIInterfaceOrientationPortrait UIInterfaceOrientationLandscapeLeft UIInterfaceOrientationLandscapeRight";
				LD_RUNPATH_SEARCH_PATHS = (
					"$(inherited)",
					"@executable_path/Frameworks",
				);
				MARKETING_VERSION = 1.0;
				PRODUCT_BUNDLE_IDENTIFIER = com.jaredtamulynas.SnowSeeker;
				PRODUCT_NAME = "$(TARGET_NAME)";
				SWIFT_EMIT_LOC_STRINGS = YES;
				SWIFT_VERSION = 5.0;
				TARGETED_DEVICE_FAMILY = "1,2";
			};
			name = Release;
		};
/* End XCBuildConfiguration section */

/* Begin XCConfigurationList section */
		A0F08F3727B54E3A00AE5BE4 /* Build configuration list for PBXProject "SnowSeeker" */ = {
			isa = XCConfigurationList;
			buildConfigurations = (
				A0F08F4827B54E3B00AE5BE4 /* Debug */,
				A0F08F4927B54E3B00AE5BE4 /* Release */,
			);
			defaultConfigurationIsVisible = 0;
			defaultConfigurationName = Release;
		};
		A0F08F4A27B54E3B00AE5BE4 /* Build configuration list for PBXNativeTarget "SnowSeeker" */ = {
			isa = XCConfigurationList;
			buildConfigurations = (
				A0F08F4B27B54E3B00AE5BE4 /* Debug */,
				A0F08F4C27B54E3B00AE5BE4 /* Release */,
			);
			defaultConfigurationIsVisible = 0;
			defaultConfigurationName = Release;
		};
/* End XCConfigurationList section */
	};
	rootObject = A0F08F3427B54E3A00AE5BE4 /* Project object */;
}
